// !$*UTF8*$!
{
	archiveVersion = 1;
	classes = {
	};
	objectVersion = 42;
	objects = {

/* Begin PBXBuildFile section */
		1B933E17083D5CD2004D26FA /* CURLHandle.h in Headers */ = {isa = PBXBuildFile; fileRef = F54C717B0237234E01A8000B /* CURLHandle.h */; settings = {ATTRIBUTES = (Public, ); }; };
		1B933E18083D5CD2004D26FA /* CURLHandle+extras.h in Headers */ = {isa = PBXBuildFile; fileRef = F54C717D0237234E01A8000B /* CURLHandle+extras.h */; settings = {ATTRIBUTES = (Public, ); }; };
		1B933E1A083D5CD2004D26FA /* CURLHandle.m in Sources */ = {isa = PBXBuildFile; fileRef = F54C717C0237234E01A8000B /* CURLHandle.m */; };
		1B933E1B083D5CD2004D26FA /* CURLHandle+extras.m in Sources */ = {isa = PBXBuildFile; fileRef = F54C717E0237234E01A8000B /* CURLHandle+extras.m */; };
		1B933E1D083D5CD2004D26FA /* Cocoa.framework in Frameworks */ = {isa = PBXBuildFile; fileRef = 1058C7B1FEA5585E11CA2CBB /* Cocoa.framework */; };
		1B933E1E083D5CD2004D26FA /* SystemConfiguration.framework in Frameworks */ = {isa = PBXBuildFile; fileRef = F678076802C3B7D701A80181 /* SystemConfiguration.framework */; };
		1B933E1F083D5CD2004D26FA /* libcrypto.dylib in Frameworks */ = {isa = PBXBuildFile; fileRef = F64D8475030830E401A80102 /* libcrypto.dylib */; };
		1B933E20083D5CD2004D26FA /* libssl.dylib in Frameworks */ = {isa = PBXBuildFile; fileRef = F64D8477030830FA01A80102 /* libssl.dylib */; };
		1B933E21083D5CD2004D26FA /* libc.dylib in Frameworks */ = {isa = PBXBuildFile; fileRef = F6FDDA56038C338601A80133 /* libc.dylib */; };
		1B933E22083D5CD2004D26FA /* libz.dylib in Frameworks */ = {isa = PBXBuildFile; fileRef = F6FDDA58038C339801A80133 /* libz.dylib */; };
		1B933E2E083D5D5A004D26FA /* libcurl.3.dylib in Frameworks */ = {isa = PBXBuildFile; fileRef = 1B933E2D083D5D5A004D26FA /* libcurl.3.dylib */; };
/* End PBXBuildFile section */

/* Begin PBXBuildRule section */
		1BA59B1710BCABDA00F9F970 /* PBXBuildRule */ = {
			isa = PBXBuildRule;
			compilerSpec = com.apple.compilers.gcc.4_0;
			fileType = sourcecode.c;
			isEditable = 1;
			outputFiles = (
			);
		};
/* End PBXBuildRule section */

/* Begin PBXFileReference section */
		0867D69BFE84028FC02AAC07 /* Foundation.framework */ = {isa = PBXFileReference; lastKnownFileType = wrapper.framework; name = Foundation.framework; path = /System/Library/Frameworks/Foundation.framework; sourceTree = "<absolute>"; };
		0867D6A5FE840307C02AAC07 /* AppKit.framework */ = {isa = PBXFileReference; lastKnownFileType = wrapper.framework; name = AppKit.framework; path = /System/Library/Frameworks/AppKit.framework; sourceTree = "<absolute>"; };
		1058C7B1FEA5585E11CA2CBB /* Cocoa.framework */ = {isa = PBXFileReference; lastKnownFileType = wrapper.framework; name = Cocoa.framework; path = /System/Library/Frameworks/Cocoa.framework; sourceTree = "<absolute>"; };
		1B933E23083D5CD2004D26FA /* Info-CURLHandle__Upgraded_.plist */ = {isa = PBXFileReference; lastKnownFileType = text.plist.xml; path = "Info-CURLHandle__Upgraded_.plist"; sourceTree = "<group>"; };
		1B933E24083D5CD2004D26FA /* CURLHandle.framework */ = {isa = PBXFileReference; explicitFileType = wrapper.framework; includeInIndex = 0; path = CURLHandle.framework; sourceTree = BUILT_PRODUCTS_DIR; };
		1B933E2D083D5D5A004D26FA /* libcurl.3.dylib */ = {isa = PBXFileReference; lastKnownFileType = "compiled.mach-o.dylib"; name = libcurl.3.dylib; path = /usr/lib/libcurl.3.dylib; sourceTree = "<absolute>"; };
		F54C717B0237234E01A8000B /* CURLHandle.h */ = {isa = PBXFileReference; fileEncoding = 30; lastKnownFileType = sourcecode.c.h; path = CURLHandle.h; sourceTree = "<group>"; };
		F54C717C0237234E01A8000B /* CURLHandle.m */ = {isa = PBXFileReference; fileEncoding = 30; lastKnownFileType = sourcecode.c.objc; path = CURLHandle.m; sourceTree = "<group>"; };
		F54C717D0237234E01A8000B /* CURLHandle+extras.h */ = {isa = PBXFileReference; fileEncoding = 30; lastKnownFileType = sourcecode.c.h; path = "CURLHandle+extras.h"; sourceTree = "<group>"; };
		F54C717E0237234E01A8000B /* CURLHandle+extras.m */ = {isa = PBXFileReference; fileEncoding = 30; lastKnownFileType = sourcecode.c.objc; path = "CURLHandle+extras.m"; sourceTree = "<group>"; };
		F64D8475030830E401A80102 /* libcrypto.dylib */ = {isa = PBXFileReference; lastKnownFileType = "compiled.mach-o.dylib"; name = libcrypto.dylib; path = /usr/lib/libcrypto.dylib; sourceTree = "<absolute>"; };
		F64D8477030830FA01A80102 /* libssl.dylib */ = {isa = PBXFileReference; lastKnownFileType = "compiled.mach-o.dylib"; name = libssl.dylib; path = /usr/lib/libssl.dylib; sourceTree = "<absolute>"; };
		F678076802C3B7D701A80181 /* SystemConfiguration.framework */ = {isa = PBXFileReference; lastKnownFileType = wrapper.framework; name = SystemConfiguration.framework; path = /System/Library/Frameworks/SystemConfiguration.framework; sourceTree = "<absolute>"; };
		F6FDDA56038C338601A80133 /* libc.dylib */ = {isa = PBXFileReference; lastKnownFileType = "compiled.mach-o.dylib"; name = libc.dylib; path = /usr/lib/libc.dylib; sourceTree = "<absolute>"; };
		F6FDDA58038C339801A80133 /* libz.dylib */ = {isa = PBXFileReference; lastKnownFileType = "compiled.mach-o.dylib"; name = libz.dylib; path = /usr/lib/libz.dylib; sourceTree = "<absolute>"; };
/* End PBXFileReference section */

/* Begin PBXFrameworksBuildPhase section */
		1B933E1C083D5CD2004D26FA /* Frameworks */ = {
			isa = PBXFrameworksBuildPhase;
			buildActionMask = 2147483647;
			files = (
				1B933E1D083D5CD2004D26FA /* Cocoa.framework in Frameworks */,
				1B933E1E083D5CD2004D26FA /* SystemConfiguration.framework in Frameworks */,
				1B933E1F083D5CD2004D26FA /* libcrypto.dylib in Frameworks */,
				1B933E20083D5CD2004D26FA /* libssl.dylib in Frameworks */,
				1B933E21083D5CD2004D26FA /* libc.dylib in Frameworks */,
				1B933E22083D5CD2004D26FA /* libz.dylib in Frameworks */,
				1B933E2E083D5D5A004D26FA /* libcurl.3.dylib in Frameworks */,
			);
			runOnlyForDeploymentPostprocessing = 0;
		};
/* End PBXFrameworksBuildPhase section */

/* Begin PBXGroup section */
		034768DFFF38A50411DB9C8B /* Products */ = {
			isa = PBXGroup;
			children = (
				1B933E24083D5CD2004D26FA /* CURLHandle.framework */,
			);
			name = Products;
			sourceTree = "<group>";
		};
		0867D691FE84028FC02AAC07 /* CURLHandle */ = {
			isa = PBXGroup;
			children = (
				1B933E2D083D5D5A004D26FA /* libcurl.3.dylib */,
				F54C717B0237234E01A8000B /* CURLHandle.h */,
				F54C717C0237234E01A8000B /* CURLHandle.m */,
				F54C717D0237234E01A8000B /* CURLHandle+extras.h */,
				F54C717E0237234E01A8000B /* CURLHandle+extras.m */,
				0867D69AFE84028FC02AAC07 /* External Frameworks and Libraries */,
				034768DFFF38A50411DB9C8B /* Products */,
				1B933E23083D5CD2004D26FA /* Info-CURLHandle__Upgraded_.plist */,
			);
			name = CURLHandle;
			sourceTree = "<group>";
		};
		0867D69AFE84028FC02AAC07 /* External Frameworks and Libraries */ = {
			isa = PBXGroup;
			children = (
				1058C7B0FEA5585E11CA2CBB /* Linked Frameworks */,
				1058C7B2FEA5585E11CA2CBB /* Other Frameworks */,
			);
			name = "External Frameworks and Libraries";
			sourceTree = "<group>";
		};
		1058C7B0FEA5585E11CA2CBB /* Linked Frameworks */ = {
			isa = PBXGroup;
			children = (
				1058C7B1FEA5585E11CA2CBB /* Cocoa.framework */,
				F678076802C3B7D701A80181 /* SystemConfiguration.framework */,
				F64D8475030830E401A80102 /* libcrypto.dylib */,
				F64D8477030830FA01A80102 /* libssl.dylib */,
				F6FDDA56038C338601A80133 /* libc.dylib */,
				F6FDDA58038C339801A80133 /* libz.dylib */,
			);
			name = "Linked Frameworks";
			sourceTree = "<group>";
		};
		1058C7B2FEA5585E11CA2CBB /* Other Frameworks */ = {
			isa = PBXGroup;
			children = (
				0867D69BFE84028FC02AAC07 /* Foundation.framework */,
				0867D6A5FE840307C02AAC07 /* AppKit.framework */,
			);
			name = "Other Frameworks";
			sourceTree = "<group>";
		};
/* End PBXGroup section */

/* Begin PBXHeadersBuildPhase section */
		1B933E16083D5CD2004D26FA /* Headers */ = {
			isa = PBXHeadersBuildPhase;
			buildActionMask = 2147483647;
			files = (
				1B933E17083D5CD2004D26FA /* CURLHandle.h in Headers */,
				1B933E18083D5CD2004D26FA /* CURLHandle+extras.h in Headers */,
			);
			runOnlyForDeploymentPostprocessing = 0;
		};
/* End PBXHeadersBuildPhase section */

/* Begin PBXNativeTarget section */
		1B933E15083D5CD2004D26FA /* CURLHandle */ = {
			isa = PBXNativeTarget;
			buildConfigurationList = 1B8AFD1E08D0BF92007C79B2 /* Build configuration list for PBXNativeTarget "CURLHandle" */;
			buildPhases = (
				1B933E16083D5CD2004D26FA /* Headers */,
				1B933E19083D5CD2004D26FA /* Sources */,
				1B933E1C083D5CD2004D26FA /* Frameworks */,
			);
			buildRules = (
				1BA59B1710BCABDA00F9F970 /* PBXBuildRule */,
			);
			dependencies = (
			);
			name = CURLHandle;
			productInstallPath = "@executable_path/../Frameworks";
			productName = CURLHandle;
			productReference = 1B933E24083D5CD2004D26FA /* CURLHandle.framework */;
			productType = "com.apple.product-type.framework";
		};
/* End PBXNativeTarget section */

/* Begin PBXProject section */
		0867D690FE84028FC02AAC07 /* Project object */ = {
			isa = PBXProject;
			buildConfigurationList = 1B8AFD2208D0BF92007C79B2 /* Build configuration list for PBXProject "CURLHandle" */;
			compatibilityVersion = "Xcode 2.4";
			hasScannedForEncodings = 0;
			mainGroup = 0867D691FE84028FC02AAC07 /* CURLHandle */;
			productRefGroup = 034768DFFF38A50411DB9C8B /* Products */;
			projectDirPath = "";
			projectRoot = "";
			targets = (
				1B933E15083D5CD2004D26FA /* CURLHandle */,
			);
		};
/* End PBXProject section */

/* Begin PBXSourcesBuildPhase section */
		1B933E19083D5CD2004D26FA /* Sources */ = {
			isa = PBXSourcesBuildPhase;
			buildActionMask = 2147483647;
			files = (
				1B933E1A083D5CD2004D26FA /* CURLHandle.m in Sources */,
				1B933E1B083D5CD2004D26FA /* CURLHandle+extras.m in Sources */,
			);
			runOnlyForDeploymentPostprocessing = 0;
		};
/* End PBXSourcesBuildPhase section */

/* Begin XCBuildConfiguration section */
		1B8AFD1F08D0BF92007C79B2 /* Debug */ = {
			isa = XCBuildConfiguration;
			buildSettings = {
				COPY_PHASE_STRIP = NO;
				DYLIB_COMPATIBILITY_VERSION = 1;
				DYLIB_CURRENT_VERSION = 1;
				FRAMEWORK_SEARCH_PATHS = "";
				FRAMEWORK_VERSION = A;
				GCC_DYNAMIC_NO_PIC = NO;
				GCC_ENABLE_FIX_AND_CONTINUE = YES;
				GCC_GENERATE_DEBUGGING_SYMBOLS = YES;
				GCC_OPTIMIZATION_LEVEL = 0;
				HEADER_SEARCH_PATHS = "";
				INFOPLIST_FILE = "Info-CURLHandle__Upgraded_.plist";
				INSTALL_PATH = "@executable_path/../Frameworks";
				LIBRARY_SEARCH_PATHS = "";
				MACOSX_DEPLOYMENT_TARGET = 10.4;
				OTHER_CFLAGS = "";
				OTHER_LDFLAGS = "";
				PREBINDING = NO;
				PRODUCT_NAME = CURLHandle;
				SECTORDER_FLAGS = "";
				SKIP_INSTALL = YES;
				WARNING_CFLAGS = (
					"-Wmost",
					"-Wno-four-char-constants",
					"-Wno-unknown-pragmas",
				);
				WRAPPER_EXTENSION = framework;
				ZERO_LINK = YES;
			};
			name = Debug;
		};
		1B8AFD2008D0BF92007C79B2 /* Release */ = {
			isa = XCBuildConfiguration;
			buildSettings = {
				ARCHS = (
					ppc,
					i386,
				);
				COPY_PHASE_STRIP = YES;
				DYLIB_COMPATIBILITY_VERSION = 1;
				DYLIB_CURRENT_VERSION = 1;
				FRAMEWORK_SEARCH_PATHS = "";
				FRAMEWORK_VERSION = A;
				GCC_ENABLE_FIX_AND_CONTINUE = NO;
				HEADER_SEARCH_PATHS = "";
				INFOPLIST_FILE = "Info-CURLHandle__Upgraded_.plist";
				INSTALL_PATH = "@executable_path/../Frameworks";
				LIBRARY_SEARCH_PATHS = "";
				MACOSX_DEPLOYMENT_TARGET = 10.4;
				OTHER_CFLAGS = "";
				OTHER_LDFLAGS = "";
				PREBINDING = NO;
				PRODUCT_NAME = CURLHandle;
				SECTORDER_FLAGS = "";
				SKIP_INSTALL = YES;
				WARNING_CFLAGS = (
					"-Wmost",
					"-Wno-four-char-constants",
					"-Wno-unknown-pragmas",
				);
				WRAPPER_EXTENSION = framework;
				ZERO_LINK = NO;
			};
			name = Release;
		};
		1B8AFD2308D0BF92007C79B2 /* Debug */ = {
			isa = XCBuildConfiguration;
			buildSettings = {
				SDKROOT = /Developer/SDKs/MacOSX10.4u.sdk;
			};
			name = Debug;
		};
		1B8AFD2408D0BF92007C79B2 /* Release */ = {
			isa = XCBuildConfiguration;
			buildSettings = {
				SDKROOT = /Developer/SDKs/MacOSX10.4u.sdk;
			};
			name = Release;
		};
/* End XCBuildConfiguration section */

/* Begin XCConfigurationList section */
		1B8AFD1E08D0BF92007C79B2 /* Build configuration list for PBXNativeTarget "CURLHandle" */ = {
			isa = XCConfigurationList;
			buildConfigurations = (
				1B8AFD1F08D0BF92007C79B2 /* Debug */,
				1B8AFD2008D0BF92007C79B2 /* Release */,
			);
			defaultConfigurationIsVisible = 0;
			defaultConfigurationName = Release;
		};
		1B8AFD2208D0BF92007C79B2 /* Build configuration list for PBXProject "CURLHandle" */ = {
			isa = XCConfigurationList;
			buildConfigurations = (
				1B8AFD2308D0BF92007C79B2 /* Debug */,
				1B8AFD2408D0BF92007C79B2 /* Release */,
			);
			defaultConfigurationIsVisible = 0;
			defaultConfigurationName = Release;
		};
/* End XCConfigurationList section */
	};
	rootObject = 0867D690FE84028FC02AAC07 /* Project object */;
}
